
Microsoft Visual Studio Solution File, Format Version 12.00
# Visual Studio Version 17
VisualStudioVersion = 17.4.33213.308
MinimumVisualStudioVersion = 10.0.40219.1
Project("{FAE04EC0-301F-11D3-BF4B-00C04F79EFBC}") = "TipoComplexos", "TipoComplexos\TipoComplexos.csproj", "{285E1F5C-2A2B-4164-B9D4-0A8120BB7C04}"
EndProject
Global
	GlobalSection(SolutionConfigurationPlatforms) = preSolution
		Debug|Any CPU = Debug|Any CPU
		Release|Any CPU = Release|Any CPU
	EndGlobalSection
	GlobalSection(ProjectConfigurationPlatforms) = postSolution
		{285E1F5C-2A2B-4164-B9D4-0A8120BB7C04}.Debug|Any CPU.ActiveCfg = Debug|Any CPU
		{285E1F5C-2A2B-4164-B9D4-0A8120BB7C04}.Debug|Any CPU.Build.0 = Debug|Any CPU
		{285E1F5C-2A2B-4164-B9D4-0A8120BB7C04}.Release|Any CPU.ActiveCfg = Release|Any CPU
		{285E1F5C-2A2B-4164-B9D4-0A8120BB7C04}.Release|Any CPU.Build.0 = Release|Any CPU
	EndGlobalSection
	GlobalSection(SolutionProperties) = preSolution
		HideSolutionNode = FALSE
	EndGlobalSection
	GlobalSection(ExtensibilityGlobals) = postSolution
		SolutionGuid = {92743651-9855-4F52-8FF7-909EC8AFC4D7}
	EndGlobalSection
EndGlobal
